{
    "_readme": [
        "This file locks the dependencies of your project to a known state",
        "Read more about it at https://getcomposer.org/doc/01-basic-usage.md#installing-dependencies",
        "This file is @generated automatically"
    ],
    "content-hash": "27404d13d0beba0105473dfb03d5d24d",
    "packages": [
        {
            "name": "mpratt/embera",
            "version": "2.0.27",
            "source": {
                "type": "git",
                "url": "https://github.com/mpratt/Embera.git",
                "reference": "9c16a9559fa75d9a9d5efddb17cd34555a6dff5e"
            },
            "dist": {
                "type": "zip",
                "url": "https://api.github.com/repos/mpratt/Embera/zipball/9c16a9559fa75d9a9d5efddb17cd34555a6dff5e",
                "reference": "9c16a9559fa75d9a9d5efddb17cd34555a6dff5e",
                "shasum": ""
            },
            "require": {
                "ext-json": "*",
                "php": ">=5.6"
            },
            "require-dev": {
                "phpstan/phpstan": "^1.4",
                "phpunit/phpunit": "^9.0"
            },
            "suggest": {
                "ext-curl": "Fetch data using curl instead of using file_get_contents"
            },
            "type": "library",
            "autoload": {
                "psr-4": {
                    "Embera\\": "src/Embera"
                }
            },
            "autoload-dev": {
                "psr-4": {
                    "Embera\\": "tests/Embera"
                }
            },
            "scripts": {
                "test": [
                    "Composer\\Config::disableProcessTimeout",
                    "phpunit -v"
                ],
                "test-github": [
                    "phpunit -v -c phpunit-github.xml"
                ],
                "analyse": [
                    "phpstan analyse src --level=4 --no-progress"
                ]
            },
            "license": [
                "MIT"
            ],
            "authors": [
                {
                    "name": "Michael Pratt",
                    "email": "yo@michael-pratt.com",
                    "homepage": "http://www.michael-pratt.com",
                    "role": "Author/Developer"
                }
            ],
            "description": "Oembed consumer library. Converts urls into their html embed code. Supports 150+ sites, such as Youtube, Twitter, vimeo, Instagram etc.",
            "homepage": "https://github.com/mpratt/Embera",
            "keywords": [
                "Auto embed",
                "Embed",
                "Embed Text",
                "Instagram",
                "Oembed",
                "Responsive Embeds",
                "Twitter",
                "Url Embed",
                "Vimeo",
                "Vine",
                "Youtube"
            ],
            "support": {
                "source": "https://github.com/mpratt/Embera/tree/2.0.27",
                "issues": "https://github.com/mpratt/Embera/issues"
            },
            "funding": [
                {
                    "type": "paypal",
                    "url": "https://paypal.me/mtpratt"
                }
            ],
            "time": "2022-07-15T01:01:46+00:00"
        }
    ],
    "packages-dev": [],
    "aliases": [],
    "minimum-stability": "stable",
    "stability-flags": [],
    "prefer-stable": false,
    "prefer-lowest": false,
    "platform": {
        "php": ">=7.2.5",
        "ext-simplexml": "*"
    },
    "platform-dev": [],
    "plugin-api-version": "2.3.0"
}
