{
    "_readme": [
        "This file locks the dependencies of your project to a known state",
        "Read more about it at https://getcomposer.org/doc/01-basic-usage.md#installing-dependencies",
        "This file is @generated automatically"
    ],
    "content-hash": "70796857116e2df60adf027b83fce737",
    "packages": [
        {
            "name": "mpratt/embera",
            "version": "2.0.42",
            "source": {
                "type": "git",
                "url": "https://github.com/joomlashack/Embera.git",
                "reference": "afa728339c6f078c803c9277a5054ca241b3c469"
            },
            "dist": {
                "type": "zip",
                "url": "https://api.github.com/repos/joomlashack/Embera/zipball/afa728339c6f078c803c9277a5054ca241b3c469",
                "reference": "afa728339c6f078c803c9277a5054ca241b3c469",
                "shasum": ""
            },
            "require": {
                "ext-json": "*",
                "php": ">=5.6"
            },
            "require-dev": {
                "phpstan/phpstan": "^1.4",
                "phpunit/phpunit": "^9.0||^10.0",
                "symfony/yaml": "^2.1"
            },
            "suggest": {
                "ext-curl": "Fetch data using curl instead of using file_get_contents"
            },
            "type": "library",
            "autoload": {
                "psr-4": {
                    "Embera\\": "src/Embera"
                }
            },
            "autoload-dev": {
                "psr-4": {
                    "Embera\\": "tests/Embera"
                }
            },
            "scripts": {
                "test": [
                    "Composer\\Config::disableProcessTimeout",
                    "phpunit"
                ],
                "test-github": [
                    "phpunit -c phpunit-github.xml"
                ],
                "analyse": [
                    "phpstan analyse src --level=4 --no-progress"
                ]
            },
            "license": [
                "MIT"
            ],
            "authors": [
                {
                    "name": "Michael Pratt",
                    "email": "yo@michael-pratt.com",
                    "homepage": "http://www.michael-pratt.com",
                    "role": "Author/Developer"
                }
            ],
            "description": "Oembed consumer library. Converts urls into their html embed code. Supports 150+ sites, such as Youtube, Twitter, vimeo, Instagram etc.",
            "homepage": "https://github.com/mpratt/Embera",
            "keywords": [
                "Auto embed",
                "Embed",
                "Embed Text",
                "Instagram",
                "Oembed",
                "Responsive Embeds",
                "Twitter",
                "Url Embed",
                "Vimeo",
                "Vine",
                "Youtube"
            ],
            "support": {
                "source": "https://github.com/joomlashack/Embera/tree/2.0.42"
            },
            "funding": [
                {
                    "type": "paypal",
                    "url": "https://paypal.me/mtpratt"
                }
            ],
            "time": "2025-01-04T06:07:59+00:00"
        }
    ],
    "packages-dev": [],
    "aliases": [],
    "minimum-stability": "stable",
    "stability-flags": {
        "mpratt/embera": 20
    },
    "prefer-stable": false,
    "prefer-lowest": false,
    "platform": {
        "php": ">=7.2.5",
        "ext-simplexml": "*"
    },
    "platform-dev": {},
    "plugin-api-version": "2.6.0"
}
