{
    "_readme": [
        "This file locks the dependencies of your project to a known state",
        "Read more about it at https://getcomposer.org/doc/01-basic-usage.md#composer-lock-the-lock-file",
        "This file is @generated automatically"
    ],
    "hash": "12272bbf6ad964ffd60ebf6318f35d8d",
    "content-hash": "14f5f59406f64d954da463227b0a728d",
    "packages": [
        {
            "name": "ostraining/embera",
            "version": "1.8.16",
            "source": {
                "type": "git",
                "url": "https://github.com/OSTraining/Embera.git",
                "reference": "a1f4d72d6e17ca6d16ce71f8833f92ee5a0e22a3"
            },
            "dist": {
                "type": "zip",
                "url": "https://api.github.com/repos/OSTraining/Embera/zipball/a1f4d72d6e17ca6d16ce71f8833f92ee5a0e22a3",
                "reference": "a1f4d72d6e17ca6d16ce71f8833f92ee5a0e22a3",
                "shasum": ""
            },
            "require": {
                "php": ">=5.3"
            },
            "type": "library",
            "autoload": {
                "psr-0": {
                    "Embera": "Lib/"
                }
            },
            "license": [
                "MIT"
            ],
            "authors": [
                {
                    "name": "Michael Pratt",
                    "email": "pratt@hablarmierda.net",
                    "homepage": "http://www.michael-pratt.com",
                    "role": "Author/Developer"
                }
            ],
            "description": "Oembed consumer library, that gives information about urls. It helps you replace urls to 60+ sites like youtube or vimeo, with their html embed code.",
            "homepage": "https://github.com/OSTraining/Embera",
            "keywords": [
                "Auto embed",
                "Embed",
                "Embed Text",
                "Instagram",
                "Oembed",
                "Twitter",
                "Url Embed",
                "Vimeo",
                "Vine",
                "Youtube"
            ],
            "support": {
                "source": "https://github.com/OSTraining/Embera/tree/master"
            },
            "time": "2016-02-16 22:40:20"
        }
    ],
    "packages-dev": [],
    "aliases": [],
    "minimum-stability": "stable",
    "stability-flags": [],
    "prefer-stable": false,
    "prefer-lowest": false,
    "platform": {
        "php": ">= 5.3"
    },
    "platform-dev": []
}
